<Solution>
  <Folder Name="/.build/">
    <File Path="../.gitignore" />
    <File Path=".editorconfig" />
    <File Path="Directory.Build.props" />
    <File Path="Directory.Packages.props" />
  </Folder>
  <Folder Name="/docs/">
    <File Path="../docs/COMPILATION.md" />
    <File Path="../docs/GRAMMAR.md" />
  </Folder>
  <Project Path="Cvolo.Analysis/Cvolo.Analysis.csproj" />
  <Project Path="Cvolo.Core/Cvolo.Core.csproj" />
  <Project Path="Cvolo.Emitter.LLVM/Cvolo.Emitter.LLVM.csproj" />
  <Project Path="Cvolo.Syntax/Cvolo.Syntax.csproj" />
  <Project Path="Cvolo.Syntax.Antlr/Cvolo.Syntax.Antlr.csproj" />
  <Project Path="Cvolo.Tests/Cvolo.Tests.csproj" Id="40873693-d69b-43fe-8615-aa2341c4fd06" />
  <Project Path="Cvolo/Cvolo.csproj" />
</Solution>
