<Solution>
  <Folder Name="/.build/">
    <File Path="../.gitignore" />
    <File Path=".editorconfig" />
    <File Path="Directory.Build.props" />
    <File Path="Directory.Packages.props" />
  </Folder>
  <Folder Name="/docs/">
    <File Path="../docs/COMPILATION.md" />
    <File Path="../docs/GRAMMAR.md" />
  </Folder>
  <Folder Name="/tests/">
    <Project Path="Cvolo.Tests.Packages/Cvolo.Tests.Packages.csproj" />
    <Project Path="Cvolo.Tests.Packaging/Cvolo.Tests.Packaging.csproj" />
    <Project Path="Cvolo.Tests.Std/Cvolo.Tests.Std.csproj" />
    <Project Path="Cvolo.Tests/Cvolo.Tests.csproj" Id="40873693-d69b-43fe-8615-aa2341c4fd06" />
  </Folder>
  <Project Path="Cvolo.Analysis/Cvolo.Analysis.csproj" />
  <Project Path="Cvolo.Core/Cvolo.Core.csproj" />
  <Project Path="Cvolo.Core.Packages/Cvolo.Core.Packages.csproj" />
  <Project Path="Cvolo.Packaging/Cvolo.Packaging.csproj" />
  <Project Path="Cvolo.Emitter.LLVM/Cvolo.Emitter.LLVM.csproj" />
  <Project Path="Cvolo.Syntax/Cvolo.Syntax.csproj" />
  <Project Path="Cvolo.Syntax.Antlr/Cvolo.Syntax.Antlr.csproj" />
  <Project Path="Cvolo/Cvolo.csproj" />
  <Project Path="Cvolo.CLI.Packages/Cvolo.CLI.Packages.csproj" />
  <Project Path="Cvolo.Benchmarks/Cvolo.Benchmarks.csproj" />
</Solution>
