<Solution>
  <Folder Name="/.build/">
    <File Path="../.gitignore" />
    <File Path="Directory.Build.props" />
    <File Path="Directory.Packages.props" />
  </Folder>
  <Folder Name="/docs/">
    <File Path="../docs/COMPILATION.md" />
    <File Path="../docs/GRAMMAR.md" />
  </Folder>
  <Project Path="Cvolo.Analysis/Cvolo.Analysis.csproj" />
  <Project Path="Cvolo.Core/Cvolo.Core.csproj" />
  <Project Path="Cvolo.Emitter.LLVM/Cvolo.Emitter.LLVM.csproj" />
  <Project Path="Cvolo.Syntax/Cvolo.Syntax.csproj" />
  <Project Path="Cvolo/Cvolo.csproj" />
</Solution>
